
Microsoft Visual Studio Solution File, Format Version 12.00
# Visual Studio Version 17
VisualStudioVersion = 17.5.002.0
MinimumVisualStudioVersion = 10.0.40219.1
Project("{9A19103F-16F7-4668-BE54-9A1E7A4F7556}") = "CleanArchitecture.Domain", "CleanArchitecture.Domain\CleanArchitecture.Domain.csproj", "{E42BBB10-FA8F-4576-BC72-047D3CFA0922}"
EndProject
Project("{9A19103F-16F7-4668-BE54-9A1E7A4F7556}") = "CleanArchitecture.Application", "CleanArchitecture.Application\CleanArchitecture.Application.csproj", "{EFF7F199-283E-4F28-B940-08D7BD95F0DC}"
EndProject
Project("{9A19103F-16F7-4668-BE54-9A1E7A4F7556}") = "CleanArchitecture.Infastructure", "CleanArchitecture.Infastructure\CleanArchitecture.Infastructure.csproj", "{9A07BFD5-6DF1-4251-9D43-7BE7C1B19663}"
EndProject
Project("{9A19103F-16F7-4668-BE54-9A1E7A4F7556}") = "CleanArchitecture.API", "CleanArchitecture.API\CleanArchitecture.API.csproj", "{68E97C8D-0C7F-484B-82F5-D3811A31CE5B}"
EndProject
Project("{9A19103F-16F7-4668-BE54-9A1E7A4F7556}") = "CleanArchitecture.Presentation", "CleanArchitecture.Presentation\CleanArchitecture.Presentation.csproj", "{4F601400-7E28-44D7-B96D-73E617E43570}"
EndProject
Project("{2150E333-8FDC-42A3-9474-1A3956D46DE8}") = "src", "src", "{ED03861B-9F21-4144-8906-E504409A96E5}"
EndProject
Project("{2150E333-8FDC-42A3-9474-1A3956D46DE8}") = "Test", "Test", "{3A970068-9B81-442F-B177-8BCA67F56617}"
EndProject
Project("{9A19103F-16F7-4668-BE54-9A1E7A4F7556}") = "CleanArchitecture.Domain.Test", "CleanArchitecture.Domain.Test\CleanArchitecture.Domain.Test.csproj", "{4BBD037C-6349-453A-8026-5779F4A4516F}"
EndProject
Project("{2150E333-8FDC-42A3-9474-1A3956D46DE8}") = "Projektmappenelemente", "Projektmappenelemente", "{8BB3EB58-90B9-4BCE-8709-CC39EA2BAD0C}"
	ProjectSection(SolutionItems) = preProject
		README.md = README.md
	EndProjectSection
EndProject
Project("{00D1A9C2-B5F0-4AF3-8072-F6C62B433612}") = "StorageDatabase", "StorageDatabase\StorageDatabase.sqlproj", "{5A2C08D6-78CD-45EF-A2C2-0C3A8820684D}"
EndProject
Project("{FAE04EC0-301F-11D3-BF4B-00C04F79EFBC}") = "CleanArchitecture.Infastructure.Test", "CleanArchitecture.Infastructure.Test\CleanArchitecture.Infastructure.Test.csproj", "{85FEE614-EB8A-490C-9746-6F973D9B170F}"
EndProject
Global
	GlobalSection(SolutionConfigurationPlatforms) = preSolution
		Debug|Any CPU = Debug|Any CPU
		Release|Any CPU = Release|Any CPU
	EndGlobalSection
	GlobalSection(ProjectConfigurationPlatforms) = postSolution
		{E42BBB10-FA8F-4576-BC72-047D3CFA0922}.Debug|Any CPU.ActiveCfg = Debug|Any CPU
		{E42BBB10-FA8F-4576-BC72-047D3CFA0922}.Debug|Any CPU.Build.0 = Debug|Any CPU
		{E42BBB10-FA8F-4576-BC72-047D3CFA0922}.Release|Any CPU.ActiveCfg = Release|Any CPU
		{E42BBB10-FA8F-4576-BC72-047D3CFA0922}.Release|Any CPU.Build.0 = Release|Any CPU
		{EFF7F199-283E-4F28-B940-08D7BD95F0DC}.Debug|Any CPU.ActiveCfg = Debug|Any CPU
		{EFF7F199-283E-4F28-B940-08D7BD95F0DC}.Debug|Any CPU.Build.0 = Debug|Any CPU
		{EFF7F199-283E-4F28-B940-08D7BD95F0DC}.Release|Any CPU.ActiveCfg = Release|Any CPU
		{EFF7F199-283E-4F28-B940-08D7BD95F0DC}.Release|Any CPU.Build.0 = Release|Any CPU
		{9A07BFD5-6DF1-4251-9D43-7BE7C1B19663}.Debug|Any CPU.ActiveCfg = Debug|Any CPU
		{9A07BFD5-6DF1-4251-9D43-7BE7C1B19663}.Debug|Any CPU.Build.0 = Debug|Any CPU
		{9A07BFD5-6DF1-4251-9D43-7BE7C1B19663}.Release|Any CPU.ActiveCfg = Release|Any CPU
		{9A07BFD5-6DF1-4251-9D43-7BE7C1B19663}.Release|Any CPU.Build.0 = Release|Any CPU
		{68E97C8D-0C7F-484B-82F5-D3811A31CE5B}.Debug|Any CPU.ActiveCfg = Debug|Any CPU
		{68E97C8D-0C7F-484B-82F5-D3811A31CE5B}.Debug|Any CPU.Build.0 = Debug|Any CPU
		{68E97C8D-0C7F-484B-82F5-D3811A31CE5B}.Release|Any CPU.ActiveCfg = Release|Any CPU
		{68E97C8D-0C7F-484B-82F5-D3811A31CE5B}.Release|Any CPU.Build.0 = Release|Any CPU
		{4F601400-7E28-44D7-B96D-73E617E43570}.Debug|Any CPU.ActiveCfg = Debug|Any CPU
		{4F601400-7E28-44D7-B96D-73E617E43570}.Debug|Any CPU.Build.0 = Debug|Any CPU
		{4F601400-7E28-44D7-B96D-73E617E43570}.Release|Any CPU.ActiveCfg = Release|Any CPU
		{4F601400-7E28-44D7-B96D-73E617E43570}.Release|Any CPU.Build.0 = Release|Any CPU
		{4BBD037C-6349-453A-8026-5779F4A4516F}.Debug|Any CPU.ActiveCfg = Debug|Any CPU
		{4BBD037C-6349-453A-8026-5779F4A4516F}.Debug|Any CPU.Build.0 = Debug|Any CPU
		{4BBD037C-6349-453A-8026-5779F4A4516F}.Release|Any CPU.ActiveCfg = Release|Any CPU
		{4BBD037C-6349-453A-8026-5779F4A4516F}.Release|Any CPU.Build.0 = Release|Any CPU
		{5A2C08D6-78CD-45EF-A2C2-0C3A8820684D}.Debug|Any CPU.ActiveCfg = Debug|Any CPU
		{5A2C08D6-78CD-45EF-A2C2-0C3A8820684D}.Debug|Any CPU.Build.0 = Debug|Any CPU
		{5A2C08D6-78CD-45EF-A2C2-0C3A8820684D}.Debug|Any CPU.Deploy.0 = Debug|Any CPU
		{5A2C08D6-78CD-45EF-A2C2-0C3A8820684D}.Release|Any CPU.ActiveCfg = Release|Any CPU
		{5A2C08D6-78CD-45EF-A2C2-0C3A8820684D}.Release|Any CPU.Build.0 = Release|Any CPU
		{5A2C08D6-78CD-45EF-A2C2-0C3A8820684D}.Release|Any CPU.Deploy.0 = Release|Any CPU
		{85FEE614-EB8A-490C-9746-6F973D9B170F}.Debug|Any CPU.ActiveCfg = Debug|Any CPU
		{85FEE614-EB8A-490C-9746-6F973D9B170F}.Debug|Any CPU.Build.0 = Debug|Any CPU
		{85FEE614-EB8A-490C-9746-6F973D9B170F}.Release|Any CPU.ActiveCfg = Release|Any CPU
		{85FEE614-EB8A-490C-9746-6F973D9B170F}.Release|Any CPU.Build.0 = Release|Any CPU
	EndGlobalSection
	GlobalSection(SolutionProperties) = preSolution
		HideSolutionNode = FALSE
	EndGlobalSection
	GlobalSection(NestedProjects) = preSolution
		{E42BBB10-FA8F-4576-BC72-047D3CFA0922} = {ED03861B-9F21-4144-8906-E504409A96E5}
		{EFF7F199-283E-4F28-B940-08D7BD95F0DC} = {ED03861B-9F21-4144-8906-E504409A96E5}
		{9A07BFD5-6DF1-4251-9D43-7BE7C1B19663} = {ED03861B-9F21-4144-8906-E504409A96E5}
		{68E97C8D-0C7F-484B-82F5-D3811A31CE5B} = {ED03861B-9F21-4144-8906-E504409A96E5}
		{4F601400-7E28-44D7-B96D-73E617E43570} = {ED03861B-9F21-4144-8906-E504409A96E5}
		{4BBD037C-6349-453A-8026-5779F4A4516F} = {3A970068-9B81-442F-B177-8BCA67F56617}
		{5A2C08D6-78CD-45EF-A2C2-0C3A8820684D} = {ED03861B-9F21-4144-8906-E504409A96E5}
		{85FEE614-EB8A-490C-9746-6F973D9B170F} = {3A970068-9B81-442F-B177-8BCA67F56617}
	EndGlobalSection
	GlobalSection(ExtensibilityGlobals) = postSolution
		SolutionGuid = {597D398F-F939-458C-8578-89BC4FF52831}
	EndGlobalSection
EndGlobal
